
Microsoft Visual Studio Solution File, Format Version 12.00
# Visual Studio Version 17
VisualStudioVersion = 17.0.31521.260
MinimumVisualStudioVersion = 10.0.40219.1
Project("{9A19103F-16F7-4668-BE54-9A1E7A4F7556}") = "UserRegistirationApp.WebUi", "UserRegistirationApp.WebUi\UserRegistirationApp.WebUi.csproj", "{4AE62593-7677-424C-A4EB-355A2ABB4826}"
EndProject
Project("{9A19103F-16F7-4668-BE54-9A1E7A4F7556}") = "UserRegistirationApp.Data", "UserRegistirationApp.Data\UserRegistirationApp.Data.csproj", "{14970186-B249-468C-8DA4-EB7B1492179E}"
EndProject
Project("{9A19103F-16F7-4668-BE54-9A1E7A4F7556}") = "UserRegistirationApp.Entity", "UserRegistirationApp.Entity\UserRegistirationApp.Entity.csproj", "{F98DC27D-7C2F-4E89-ACAC-FBF295EC65A9}"
EndProject
Project("{9A19103F-16F7-4668-BE54-9A1E7A4F7556}") = "RabbitMq.Consumer", "RabbitMq.Consumer\RabbitMq.Consumer.csproj", "{B8062EDD-3BE7-4B92-AA66-E51B23C6F359}"
EndProject
Project("{9A19103F-16F7-4668-BE54-9A1E7A4F7556}") = "RabbitMq.Common", "RabbitMq.Common\RabbitMq.Common.csproj", "{0F9D03AD-E3E3-4E18-A16A-55275FF5B873}"
EndProject
Global
	GlobalSection(SolutionConfigurationPlatforms) = preSolution
		Debug|Any CPU = Debug|Any CPU
		Release|Any CPU = Release|Any CPU
	EndGlobalSection
	GlobalSection(ProjectConfigurationPlatforms) = postSolution
		{4AE62593-7677-424C-A4EB-355A2ABB4826}.Debug|Any CPU.ActiveCfg = Debug|Any CPU
		{4AE62593-7677-424C-A4EB-355A2ABB4826}.Debug|Any CPU.Build.0 = Debug|Any CPU
		{4AE62593-7677-424C-A4EB-355A2ABB4826}.Release|Any CPU.ActiveCfg = Release|Any CPU
		{4AE62593-7677-424C-A4EB-355A2ABB4826}.Release|Any CPU.Build.0 = Release|Any CPU
		{14970186-B249-468C-8DA4-EB7B1492179E}.Debug|Any CPU.ActiveCfg = Debug|Any CPU
		{14970186-B249-468C-8DA4-EB7B1492179E}.Debug|Any CPU.Build.0 = Debug|Any CPU
		{14970186-B249-468C-8DA4-EB7B1492179E}.Release|Any CPU.ActiveCfg = Release|Any CPU
		{14970186-B249-468C-8DA4-EB7B1492179E}.Release|Any CPU.Build.0 = Release|Any CPU
		{F98DC27D-7C2F-4E89-ACAC-FBF295EC65A9}.Debug|Any CPU.ActiveCfg = Debug|Any CPU
		{F98DC27D-7C2F-4E89-ACAC-FBF295EC65A9}.Debug|Any CPU.Build.0 = Debug|Any CPU
		{F98DC27D-7C2F-4E89-ACAC-FBF295EC65A9}.Release|Any CPU.ActiveCfg = Release|Any CPU
		{F98DC27D-7C2F-4E89-ACAC-FBF295EC65A9}.Release|Any CPU.Build.0 = Release|Any CPU
		{B8062EDD-3BE7-4B92-AA66-E51B23C6F359}.Debug|Any CPU.ActiveCfg = Debug|Any CPU
		{B8062EDD-3BE7-4B92-AA66-E51B23C6F359}.Debug|Any CPU.Build.0 = Debug|Any CPU
		{B8062EDD-3BE7-4B92-AA66-E51B23C6F359}.Release|Any CPU.ActiveCfg = Release|Any CPU
		{B8062EDD-3BE7-4B92-AA66-E51B23C6F359}.Release|Any CPU.Build.0 = Release|Any CPU
		{0F9D03AD-E3E3-4E18-A16A-55275FF5B873}.Debug|Any CPU.ActiveCfg = Debug|Any CPU
		{0F9D03AD-E3E3-4E18-A16A-55275FF5B873}.Debug|Any CPU.Build.0 = Debug|Any CPU
		{0F9D03AD-E3E3-4E18-A16A-55275FF5B873}.Release|Any CPU.ActiveCfg = Release|Any CPU
		{0F9D03AD-E3E3-4E18-A16A-55275FF5B873}.Release|Any CPU.Build.0 = Release|Any CPU
	EndGlobalSection
	GlobalSection(SolutionProperties) = preSolution
		HideSolutionNode = FALSE
	EndGlobalSection
	GlobalSection(ExtensibilityGlobals) = postSolution
		SolutionGuid = {74CD2826-D515-4545-BB99-92B046A6E11A}
	EndGlobalSection
EndGlobal
